
Microsoft Visual Studio Solution File, Format Version 12.00
# Visual Studio Version 17
VisualStudioVersion = 17.8.34525.116
MinimumVisualStudioVersion = 10.0.40219.1
Project("{FAE04EC0-301F-11D3-BF4B-00C04F79EFBC}") = "MovieProject.API", "MovieProject\MovieProject.API.csproj", "{8B7BE951-3CB8-4ED7-B8B4-95CE2603DF36}"
EndProject
Project("{FAE04EC0-301F-11D3-BF4B-00C04F79EFBC}") = "MovieProject.Data", "MovieProject.Data\MovieProject.Data.csproj", "{454DC0EC-C989-4A7E-8A0F-38389377F4A0}"
EndProject
Project("{FAE04EC0-301F-11D3-BF4B-00C04F79EFBC}") = "MovieProject.Repository", "MovieProject.Repository\MovieProject.Repository.csproj", "{9EE44A71-1107-4528-97A7-3BAD778254DC}"
EndProject
Global
	GlobalSection(SolutionConfigurationPlatforms) = preSolution
		Debug|Any CPU = Debug|Any CPU
		Release|Any CPU = Release|Any CPU
	EndGlobalSection
	GlobalSection(ProjectConfigurationPlatforms) = postSolution
		{8B7BE951-3CB8-4ED7-B8B4-95CE2603DF36}.Debug|Any CPU.ActiveCfg = Debug|Any CPU
		{8B7BE951-3CB8-4ED7-B8B4-95CE2603DF36}.Debug|Any CPU.Build.0 = Debug|Any CPU
		{8B7BE951-3CB8-4ED7-B8B4-95CE2603DF36}.Release|Any CPU.ActiveCfg = Release|Any CPU
		{8B7BE951-3CB8-4ED7-B8B4-95CE2603DF36}.Release|Any CPU.Build.0 = Release|Any CPU
		{454DC0EC-C989-4A7E-8A0F-38389377F4A0}.Debug|Any CPU.ActiveCfg = Debug|Any CPU
		{454DC0EC-C989-4A7E-8A0F-38389377F4A0}.Debug|Any CPU.Build.0 = Debug|Any CPU
		{454DC0EC-C989-4A7E-8A0F-38389377F4A0}.Release|Any CPU.ActiveCfg = Release|Any CPU
		{454DC0EC-C989-4A7E-8A0F-38389377F4A0}.Release|Any CPU.Build.0 = Release|Any CPU
		{9EE44A71-1107-4528-97A7-3BAD778254DC}.Debug|Any CPU.ActiveCfg = Debug|Any CPU
		{9EE44A71-1107-4528-97A7-3BAD778254DC}.Debug|Any CPU.Build.0 = Debug|Any CPU
		{9EE44A71-1107-4528-97A7-3BAD778254DC}.Release|Any CPU.ActiveCfg = Release|Any CPU
		{9EE44A71-1107-4528-97A7-3BAD778254DC}.Release|Any CPU.Build.0 = Release|Any CPU
	EndGlobalSection
	GlobalSection(SolutionProperties) = preSolution
		HideSolutionNode = FALSE
	EndGlobalSection
	GlobalSection(ExtensibilityGlobals) = postSolution
		SolutionGuid = {D44F2404-4927-4175-A018-A79CA7836E6F}
	EndGlobalSection
EndGlobal
